
Microsoft Visual Studio Solution File, Format Version 12.00
# Visual Studio Version 17
VisualStudioVersion = 17.2.32630.192
MinimumVisualStudioVersion = 10.0.40219.1
Project("{9A19103F-16F7-4668-BE54-9A1E7A4F7556}") = "Mensagem", "ConsoleApp1\Mensagem.csproj", "{99034B80-8C9A-4BCF-A51E-8C283CDD4EFD}"
EndProject
Project("{9A19103F-16F7-4668-BE54-9A1E7A4F7556}") = "Variaveis", "Variaveis\Variaveis.csproj", "{8DE31292-3A40-49CB-8FBA-BBB0D9FCB064}"
EndProject
Project("{9A19103F-16F7-4668-BE54-9A1E7A4F7556}") = "If", "Operadores e Condicionais\If.csproj", "{EB523E6B-4201-4BDF-A9D9-FB8B59E66653}"
EndProject
Project("{9A19103F-16F7-4668-BE54-9A1E7A4F7556}") = "Switch", "Switch\Switch.csproj", "{27A9C489-9FE3-43E9-9669-60785B3CBAC1}"
EndProject
Project("{9A19103F-16F7-4668-BE54-9A1E7A4F7556}") = "Ternário", "Ternário\Ternário.csproj", "{220CEE01-D0DE-4360-ADD7-9B71750294C6}"
EndProject
Project("{9A19103F-16F7-4668-BE54-9A1E7A4F7556}") = "While", "While\While.csproj", "{27A4CA03-D603-42D3-8E1E-71DEB2957216}"
EndProject
Project("{9A19103F-16F7-4668-BE54-9A1E7A4F7556}") = "DoWhile", "DoWhile\DoWhile.csproj", "{9CE9F9D4-FFEE-4762-83E6-3EAC38324BBA}"
EndProject
Project("{9A19103F-16F7-4668-BE54-9A1E7A4F7556}") = "For", "For\For.csproj", "{1EFF7778-7A8E-47BF-8B02-BE45D74B796B}"
EndProject
Project("{9A19103F-16F7-4668-BE54-9A1E7A4F7556}") = "Foreach", "Foreach\Foreach.csproj", "{6465639B-16A7-4844-A4F6-E8333AECEA73}"
EndProject
Project("{9A19103F-16F7-4668-BE54-9A1E7A4F7556}") = "Array", "Array\Array.csproj", "{A64B7A16-D3EF-42E1-8E3F-C6DEE0265656}"
EndProject
Project("{9A19103F-16F7-4668-BE54-9A1E7A4F7556}") = "Funções", "Funções\Funções.csproj", "{3FE5E8AC-F2EE-403A-9E2C-A41CBE72BC73}"
EndProject
Project("{9A19103F-16F7-4668-BE54-9A1E7A4F7556}") = "Função Recursiva", "Função Recursiva\Função Recursiva.csproj", "{A15CB4C8-9065-454B-9CF3-C8051991B553}"
EndProject
Project("{9A19103F-16F7-4668-BE54-9A1E7A4F7556}") = "VariáveisEConstantes", "VariáveisEConstantes\VariáveisEConstantes.csproj", "{0ED97ECF-1345-446B-B888-645855962BAD}"
EndProject
Project("{9A19103F-16F7-4668-BE54-9A1E7A4F7556}") = "FuncaoOO", "FuncaoOO\FuncaoOO.csproj", "{D69FD7BD-C2DC-4E8B-9D13-D04F64E99527}"
EndProject
Project("{2150E333-8FDC-42A3-9474-1A3956D46DE8}") = "Solution Items", "Solution Items", "{7BB72135-84F9-4F28-8C4E-58989731A8B2}"
EndProject
Project("{FAE04EC0-301F-11D3-BF4B-00C04F79EFBC}") = "console-app", "console-app\console-app.csproj", "{4AF6A475-2F82-4123-943D-5BB5B1F343D7}"
EndProject
Project("{FAE04EC0-301F-11D3-BF4B-00C04F79EFBC}") = "MaiorIdade", "MaiorIdade\MaiorIdade.csproj", "{12BCC82F-3327-4D87-B548-23504230403C}"
EndProject
Project("{FAE04EC0-301F-11D3-BF4B-00C04F79EFBC}") = "Calculadora", "Calculadora\Calculadora.csproj", "{F5F9F4DE-5B0B-4337-9EC9-B5B5CBD42C4D}"
EndProject
Project("{FAE04EC0-301F-11D3-BF4B-00C04F79EFBC}") = "CalculoAreaCirculo", "CalculoAreaCirculo\CalculoAreaCirculo.csproj", "{D565BBA6-C312-4B01-9CE9-0C2BBBC9A865}"
EndProject
Project("{FAE04EC0-301F-11D3-BF4B-00C04F79EFBC}") = "ExeVariaveis", "ExeVariaveis\ExeVariaveis.csproj", "{99827391-81A7-4CE6-A025-FC9413FD5E82}"
EndProject
Project("{FAE04EC0-301F-11D3-BF4B-00C04F79EFBC}") = "CalculadoraBaskara", "CalculadoraBaskara\CalculadoraBaskara.csproj", "{3BAE8A9D-064D-4F6D-B115-15442A3E8A0C}"
EndProject
Project("{FAE04EC0-301F-11D3-BF4B-00C04F79EFBC}") = "LeituraDados", "LeituraDados\LeituraDados.csproj", "{E0EA4AE4-BCCF-4F04-B3C3-D02AB109EDE8}"
EndProject
Project("{FAE04EC0-301F-11D3-BF4B-00C04F79EFBC}") = "CadastroSimples", "CadastroSimples\CadastroSimples.csproj", "{8A9AEE5C-2453-4129-A93F-AD9631641514}"
EndProject
Project("{FAE04EC0-301F-11D3-BF4B-00C04F79EFBC}") = "Somador", "Somador\Somador.csproj", "{CD9022AF-A2EB-4ED2-A851-DFC2A314070A}"
EndProject
Project("{FAE04EC0-301F-11D3-BF4B-00C04F79EFBC}") = "Diferenciador", "Diferenciador\Diferenciador.csproj", "{714893F7-4DFE-45D8-9E10-8C9AF3C2E868}"
EndProject
Project("{FAE04EC0-301F-11D3-BF4B-00C04F79EFBC}") = "HolerithSimples", "HolerithSimples\HolerithSimples.csproj", "{73A975AE-7A26-49A8-8B51-1631D8E81767}"
EndProject
Project("{FAE04EC0-301F-11D3-BF4B-00C04F79EFBC}") = "VerificadorNegativo", "VerificadorNegativo\VerificadorNegativo.csproj", "{768BDB59-E553-4B61-8B6E-E744ED2F9B4D}"
EndProject
Project("{FAE04EC0-301F-11D3-BF4B-00C04F79EFBC}") = "ParImpar", "ParImpar\ParImpar.csproj", "{F70115E9-09E2-49E6-A990-CB7868120E33}"
EndProject
Project("{FAE04EC0-301F-11D3-BF4B-00C04F79EFBC}") = "Multiplo", "Multiplo\Multiplo.csproj", "{0EB9646C-9F37-42A8-94F2-21A06D7849AD}"
EndProject
Project("{FAE04EC0-301F-11D3-BF4B-00C04F79EFBC}") = "DuracaoJogo", "DuracaoJogo\DuracaoJogo.csproj", "{690A7D6A-7512-469C-81DA-5C91CDB38FFE}"
EndProject
Project("{FAE04EC0-301F-11D3-BF4B-00C04F79EFBC}") = "Lanchonte", "Lanchonte\Lanchonte.csproj", "{A64187B8-90BE-42F4-B555-B8BEFE2FB3BD}"
EndProject
Project("{FAE04EC0-301F-11D3-BF4B-00C04F79EFBC}") = "EncontraIntervalos", "EncontraIntervalos\EncontraIntervalos.csproj", "{63B60212-C409-415C-AC0C-D2CBD649B7A1}"
EndProject
Project("{FAE04EC0-301F-11D3-BF4B-00C04F79EFBC}") = "Grafico", "Grafico\Grafico.csproj", "{AAC67968-8B6D-4835-B939-078149A89077}"
EndProject
Project("{FAE04EC0-301F-11D3-BF4B-00C04F79EFBC}") = "Impostos", "Impostos\Impostos.csproj", "{F49FA90C-5D19-4B52-9710-18F25B21086D}"
EndProject
Project("{FAE04EC0-301F-11D3-BF4B-00C04F79EFBC}") = "AreaTriangulo", "AreaTriangulo\AreaTriangulo.csproj", "{2A4168F9-B767-4018-B410-A8217821F6EE}"
EndProject
Project("{FAE04EC0-301F-11D3-BF4B-00C04F79EFBC}") = "MaisVelha", "MaisVelha\MaisVelha.csproj", "{997A24AF-E614-4F20-809F-F9A50D983477}"
EndProject
Project("{FAE04EC0-301F-11D3-BF4B-00C04F79EFBC}") = "SalarioMedio", "SalarioMedio\SalarioMedio.csproj", "{092B53EC-C697-4357-BDDE-87FFD63E0876}"
EndProject
Project("{FAE04EC0-301F-11D3-BF4B-00C04F79EFBC}") = "EstoqueApp", "EstoqueApp\EstoqueApp.csproj", "{7D5E3C3F-24AB-41A5-B09E-3B0F2123D0C3}"
EndProject
Project("{FAE04EC0-301F-11D3-BF4B-00C04F79EFBC}") = "Retangulo", "Retangulo\Retangulo.csproj", "{B371960D-D032-4B8A-97A4-01D3D705E039}"
EndProject
Project("{FAE04EC0-301F-11D3-BF4B-00C04F79EFBC}") = "Holerith2", "Holerith2\Holerith2.csproj", "{2DB902EC-715A-43CB-9871-4EEE7C1A4CA3}"
EndProject
Project("{FAE04EC0-301F-11D3-BF4B-00C04F79EFBC}") = "CotacaoDolar", "CotacaoDolar\CotacaoDolar.csproj", "{7D81F14A-5AC9-4A98-8D4E-A5342E92C0A0}"
EndProject
Project("{FAE04EC0-301F-11D3-BF4B-00C04F79EFBC}") = "Construtores", "Construtores\Construtores.csproj", "{101E09A4-2516-4381-A3D6-422CA33F3ECF}"
EndProject
Project("{FAE04EC0-301F-11D3-BF4B-00C04F79EFBC}") = "ContaBancaria", "ContaBancaria\ContaBancaria.csproj", "{AD4C8F05-7922-4F4A-B2CC-7EB34DE387BC}"
EndProject
Project("{FAE04EC0-301F-11D3-BF4B-00C04F79EFBC}") = "Array2", "Array2\Array2.csproj", "{4D468DBC-6D48-4537-8696-8D9CBE51F897}"
EndProject
Project("{FAE04EC0-301F-11D3-BF4B-00C04F79EFBC}") = "Hotel", "Hotel\Hotel.csproj", "{602389B7-0D53-4A90-AFC3-4D7F658D558F}"
EndProject
Project("{FAE04EC0-301F-11D3-BF4B-00C04F79EFBC}") = "RegistroFuncionario", "RegistroFuncionario\RegistroFuncionario.csproj", "{33070A56-C8CC-440E-89C5-A7935D4DB39A}"
EndProject
Project("{FAE04EC0-301F-11D3-BF4B-00C04F79EFBC}") = "ConsoleApp2", "ConsoleApp2\ConsoleApp2.csproj", "{4BE50AE2-929A-40EB-9B64-4CF6449D0035}"
EndProject
Project("{FAE04EC0-301F-11D3-BF4B-00C04F79EFBC}") = "TratamentoDeErros", "TratamentoDeErros\TratamentoDeErros.csproj", "{37C83950-E2AA-4279-A83C-270EBF14BE5C}"
EndProject
Project("{FAE04EC0-301F-11D3-BF4B-00C04F79EFBC}") = "AppBanco", "AppBanco\AppBanco.csproj", "{B09ECCD4-6E42-463C-A60D-BDD9354178B8}"
EndProject
Project("{FAE04EC0-301F-11D3-BF4B-00C04F79EFBC}") = "Fazendo", "Fazendo\Fazendo.csproj", "{D0244E62-4EF9-45E6-8702-E31B11B3F29C}"
EndProject
Project("{FAE04EC0-301F-11D3-BF4B-00C04F79EFBC}") = "AprovacaoAluno", "AprovacaoAluno\AprovacaoAluno.csproj", "{32FFE7D7-DD9D-416B-90CC-91A5C0B92EAA}"
EndProject
Project("{FAE04EC0-301F-11D3-BF4B-00C04F79EFBC}") = "Conversor", "Conversor\Conversor.csproj", "{9162521F-51D8-4BB6-AFD8-F3F391BAFEF7}"
EndProject
Project("{FAE04EC0-301F-11D3-BF4B-00C04F79EFBC}") = "Banco2", "Banco2\Banco2.csproj", "{D55F3A46-905F-43DF-94D7-A5666A4041A1}"
EndProject
Project("{FAE04EC0-301F-11D3-BF4B-00C04F79EFBC}") = "Scruct", "Scruct\Scruct.csproj", "{AD33D1C0-82E0-434E-BACD-9C845A39FAE8}"
EndProject
Global
	GlobalSection(SolutionConfigurationPlatforms) = preSolution
		Debug|Any CPU = Debug|Any CPU
		Release|Any CPU = Release|Any CPU
	EndGlobalSection
	GlobalSection(ProjectConfigurationPlatforms) = postSolution
		{99034B80-8C9A-4BCF-A51E-8C283CDD4EFD}.Debug|Any CPU.ActiveCfg = Debug|Any CPU
		{99034B80-8C9A-4BCF-A51E-8C283CDD4EFD}.Debug|Any CPU.Build.0 = Debug|Any CPU
		{99034B80-8C9A-4BCF-A51E-8C283CDD4EFD}.Release|Any CPU.ActiveCfg = Release|Any CPU
		{99034B80-8C9A-4BCF-A51E-8C283CDD4EFD}.Release|Any CPU.Build.0 = Release|Any CPU
		{8DE31292-3A40-49CB-8FBA-BBB0D9FCB064}.Debug|Any CPU.ActiveCfg = Debug|Any CPU
		{8DE31292-3A40-49CB-8FBA-BBB0D9FCB064}.Debug|Any CPU.Build.0 = Debug|Any CPU
		{8DE31292-3A40-49CB-8FBA-BBB0D9FCB064}.Release|Any CPU.ActiveCfg = Release|Any CPU
		{8DE31292-3A40-49CB-8FBA-BBB0D9FCB064}.Release|Any CPU.Build.0 = Release|Any CPU
		{EB523E6B-4201-4BDF-A9D9-FB8B59E66653}.Debug|Any CPU.ActiveCfg = Debug|Any CPU
		{EB523E6B-4201-4BDF-A9D9-FB8B59E66653}.Debug|Any CPU.Build.0 = Debug|Any CPU
		{EB523E6B-4201-4BDF-A9D9-FB8B59E66653}.Release|Any CPU.ActiveCfg = Release|Any CPU
		{EB523E6B-4201-4BDF-A9D9-FB8B59E66653}.Release|Any CPU.Build.0 = Release|Any CPU
		{27A9C489-9FE3-43E9-9669-60785B3CBAC1}.Debug|Any CPU.ActiveCfg = Debug|Any CPU
		{27A9C489-9FE3-43E9-9669-60785B3CBAC1}.Debug|Any CPU.Build.0 = Debug|Any CPU
		{27A9C489-9FE3-43E9-9669-60785B3CBAC1}.Release|Any CPU.ActiveCfg = Release|Any CPU
		{27A9C489-9FE3-43E9-9669-60785B3CBAC1}.Release|Any CPU.Build.0 = Release|Any CPU
		{220CEE01-D0DE-4360-ADD7-9B71750294C6}.Debug|Any CPU.ActiveCfg = Debug|Any CPU
		{220CEE01-D0DE-4360-ADD7-9B71750294C6}.Debug|Any CPU.Build.0 = Debug|Any CPU
		{220CEE01-D0DE-4360-ADD7-9B71750294C6}.Release|Any CPU.ActiveCfg = Release|Any CPU
		{220CEE01-D0DE-4360-ADD7-9B71750294C6}.Release|Any CPU.Build.0 = Release|Any CPU
		{27A4CA03-D603-42D3-8E1E-71DEB2957216}.Debug|Any CPU.ActiveCfg = Debug|Any CPU
		{27A4CA03-D603-42D3-8E1E-71DEB2957216}.Debug|Any CPU.Build.0 = Debug|Any CPU
		{27A4CA03-D603-42D3-8E1E-71DEB2957216}.Release|Any CPU.ActiveCfg = Release|Any CPU
		{27A4CA03-D603-42D3-8E1E-71DEB2957216}.Release|Any CPU.Build.0 = Release|Any CPU
		{9CE9F9D4-FFEE-4762-83E6-3EAC38324BBA}.Debug|Any CPU.ActiveCfg = Debug|Any CPU
		{9CE9F9D4-FFEE-4762-83E6-3EAC38324BBA}.Debug|Any CPU.Build.0 = Debug|Any CPU
		{9CE9F9D4-FFEE-4762-83E6-3EAC38324BBA}.Release|Any CPU.ActiveCfg = Release|Any CPU
		{9CE9F9D4-FFEE-4762-83E6-3EAC38324BBA}.Release|Any CPU.Build.0 = Release|Any CPU
		{1EFF7778-7A8E-47BF-8B02-BE45D74B796B}.Debug|Any CPU.ActiveCfg = Debug|Any CPU
		{1EFF7778-7A8E-47BF-8B02-BE45D74B796B}.Debug|Any CPU.Build.0 = Debug|Any CPU
		{1EFF7778-7A8E-47BF-8B02-BE45D74B796B}.Release|Any CPU.ActiveCfg = Release|Any CPU
		{1EFF7778-7A8E-47BF-8B02-BE45D74B796B}.Release|Any CPU.Build.0 = Release|Any CPU
		{6465639B-16A7-4844-A4F6-E8333AECEA73}.Debug|Any CPU.ActiveCfg = Debug|Any CPU
		{6465639B-16A7-4844-A4F6-E8333AECEA73}.Debug|Any CPU.Build.0 = Debug|Any CPU
		{6465639B-16A7-4844-A4F6-E8333AECEA73}.Release|Any CPU.ActiveCfg = Release|Any CPU
		{6465639B-16A7-4844-A4F6-E8333AECEA73}.Release|Any CPU.Build.0 = Release|Any CPU
		{A64B7A16-D3EF-42E1-8E3F-C6DEE0265656}.Debug|Any CPU.ActiveCfg = Debug|Any CPU
		{A64B7A16-D3EF-42E1-8E3F-C6DEE0265656}.Debug|Any CPU.Build.0 = Debug|Any CPU
		{A64B7A16-D3EF-42E1-8E3F-C6DEE0265656}.Release|Any CPU.ActiveCfg = Release|Any CPU
		{A64B7A16-D3EF-42E1-8E3F-C6DEE0265656}.Release|Any CPU.Build.0 = Release|Any CPU
		{3FE5E8AC-F2EE-403A-9E2C-A41CBE72BC73}.Debug|Any CPU.ActiveCfg = Debug|Any CPU
		{3FE5E8AC-F2EE-403A-9E2C-A41CBE72BC73}.Debug|Any CPU.Build.0 = Debug|Any CPU
		{3FE5E8AC-F2EE-403A-9E2C-A41CBE72BC73}.Release|Any CPU.ActiveCfg = Release|Any CPU
		{3FE5E8AC-F2EE-403A-9E2C-A41CBE72BC73}.Release|Any CPU.Build.0 = Release|Any CPU
		{A15CB4C8-9065-454B-9CF3-C8051991B553}.Debug|Any CPU.ActiveCfg = Debug|Any CPU
		{A15CB4C8-9065-454B-9CF3-C8051991B553}.Debug|Any CPU.Build.0 = Debug|Any CPU
		{A15CB4C8-9065-454B-9CF3-C8051991B553}.Release|Any CPU.ActiveCfg = Release|Any CPU
		{A15CB4C8-9065-454B-9CF3-C8051991B553}.Release|Any CPU.Build.0 = Release|Any CPU
		{0ED97ECF-1345-446B-B888-645855962BAD}.Debug|Any CPU.ActiveCfg = Debug|Any CPU
		{0ED97ECF-1345-446B-B888-645855962BAD}.Debug|Any CPU.Build.0 = Debug|Any CPU
		{0ED97ECF-1345-446B-B888-645855962BAD}.Release|Any CPU.ActiveCfg = Release|Any CPU
		{0ED97ECF-1345-446B-B888-645855962BAD}.Release|Any CPU.Build.0 = Release|Any CPU
		{D69FD7BD-C2DC-4E8B-9D13-D04F64E99527}.Debug|Any CPU.ActiveCfg = Debug|Any CPU
		{D69FD7BD-C2DC-4E8B-9D13-D04F64E99527}.Debug|Any CPU.Build.0 = Debug|Any CPU
		{D69FD7BD-C2DC-4E8B-9D13-D04F64E99527}.Release|Any CPU.ActiveCfg = Release|Any CPU
		{D69FD7BD-C2DC-4E8B-9D13-D04F64E99527}.Release|Any CPU.Build.0 = Release|Any CPU
		{4AF6A475-2F82-4123-943D-5BB5B1F343D7}.Debug|Any CPU.ActiveCfg = Debug|Any CPU
		{4AF6A475-2F82-4123-943D-5BB5B1F343D7}.Debug|Any CPU.Build.0 = Debug|Any CPU
		{4AF6A475-2F82-4123-943D-5BB5B1F343D7}.Release|Any CPU.ActiveCfg = Release|Any CPU
		{4AF6A475-2F82-4123-943D-5BB5B1F343D7}.Release|Any CPU.Build.0 = Release|Any CPU
		{12BCC82F-3327-4D87-B548-23504230403C}.Debug|Any CPU.ActiveCfg = Debug|Any CPU
		{12BCC82F-3327-4D87-B548-23504230403C}.Debug|Any CPU.Build.0 = Debug|Any CPU
		{12BCC82F-3327-4D87-B548-23504230403C}.Release|Any CPU.ActiveCfg = Release|Any CPU
		{12BCC82F-3327-4D87-B548-23504230403C}.Release|Any CPU.Build.0 = Release|Any CPU
		{F5F9F4DE-5B0B-4337-9EC9-B5B5CBD42C4D}.Debug|Any CPU.ActiveCfg = Debug|Any CPU
		{F5F9F4DE-5B0B-4337-9EC9-B5B5CBD42C4D}.Debug|Any CPU.Build.0 = Debug|Any CPU
		{F5F9F4DE-5B0B-4337-9EC9-B5B5CBD42C4D}.Release|Any CPU.ActiveCfg = Release|Any CPU
		{F5F9F4DE-5B0B-4337-9EC9-B5B5CBD42C4D}.Release|Any CPU.Build.0 = Release|Any CPU
		{D565BBA6-C312-4B01-9CE9-0C2BBBC9A865}.Debug|Any CPU.ActiveCfg = Debug|Any CPU
		{D565BBA6-C312-4B01-9CE9-0C2BBBC9A865}.Debug|Any CPU.Build.0 = Debug|Any CPU
		{D565BBA6-C312-4B01-9CE9-0C2BBBC9A865}.Release|Any CPU.ActiveCfg = Release|Any CPU
		{D565BBA6-C312-4B01-9CE9-0C2BBBC9A865}.Release|Any CPU.Build.0 = Release|Any CPU
		{99827391-81A7-4CE6-A025-FC9413FD5E82}.Debug|Any CPU.ActiveCfg = Debug|Any CPU
		{99827391-81A7-4CE6-A025-FC9413FD5E82}.Debug|Any CPU.Build.0 = Debug|Any CPU
		{99827391-81A7-4CE6-A025-FC9413FD5E82}.Release|Any CPU.ActiveCfg = Release|Any CPU
		{99827391-81A7-4CE6-A025-FC9413FD5E82}.Release|Any CPU.Build.0 = Release|Any CPU
		{3BAE8A9D-064D-4F6D-B115-15442A3E8A0C}.Debug|Any CPU.ActiveCfg = Debug|Any CPU
		{3BAE8A9D-064D-4F6D-B115-15442A3E8A0C}.Debug|Any CPU.Build.0 = Debug|Any CPU
		{3BAE8A9D-064D-4F6D-B115-15442A3E8A0C}.Release|Any CPU.ActiveCfg = Release|Any CPU
		{3BAE8A9D-064D-4F6D-B115-15442A3E8A0C}.Release|Any CPU.Build.0 = Release|Any CPU
		{E0EA4AE4-BCCF-4F04-B3C3-D02AB109EDE8}.Debug|Any CPU.ActiveCfg = Debug|Any CPU
		{E0EA4AE4-BCCF-4F04-B3C3-D02AB109EDE8}.Debug|Any CPU.Build.0 = Debug|Any CPU
		{E0EA4AE4-BCCF-4F04-B3C3-D02AB109EDE8}.Release|Any CPU.ActiveCfg = Release|Any CPU
		{E0EA4AE4-BCCF-4F04-B3C3-D02AB109EDE8}.Release|Any CPU.Build.0 = Release|Any CPU
		{8A9AEE5C-2453-4129-A93F-AD9631641514}.Debug|Any CPU.ActiveCfg = Debug|Any CPU
		{8A9AEE5C-2453-4129-A93F-AD9631641514}.Debug|Any CPU.Build.0 = Debug|Any CPU
		{8A9AEE5C-2453-4129-A93F-AD9631641514}.Release|Any CPU.ActiveCfg = Release|Any CPU
		{8A9AEE5C-2453-4129-A93F-AD9631641514}.Release|Any CPU.Build.0 = Release|Any CPU
		{CD9022AF-A2EB-4ED2-A851-DFC2A314070A}.Debug|Any CPU.ActiveCfg = Debug|Any CPU
		{CD9022AF-A2EB-4ED2-A851-DFC2A314070A}.Debug|Any CPU.Build.0 = Debug|Any CPU
		{CD9022AF-A2EB-4ED2-A851-DFC2A314070A}.Release|Any CPU.ActiveCfg = Release|Any CPU
		{CD9022AF-A2EB-4ED2-A851-DFC2A314070A}.Release|Any CPU.Build.0 = Release|Any CPU
		{714893F7-4DFE-45D8-9E10-8C9AF3C2E868}.Debug|Any CPU.ActiveCfg = Debug|Any CPU
		{714893F7-4DFE-45D8-9E10-8C9AF3C2E868}.Debug|Any CPU.Build.0 = Debug|Any CPU
		{714893F7-4DFE-45D8-9E10-8C9AF3C2E868}.Release|Any CPU.ActiveCfg = Release|Any CPU
		{714893F7-4DFE-45D8-9E10-8C9AF3C2E868}.Release|Any CPU.Build.0 = Release|Any CPU
		{73A975AE-7A26-49A8-8B51-1631D8E81767}.Debug|Any CPU.ActiveCfg = Debug|Any CPU
		{73A975AE-7A26-49A8-8B51-1631D8E81767}.Debug|Any CPU.Build.0 = Debug|Any CPU
		{73A975AE-7A26-49A8-8B51-1631D8E81767}.Release|Any CPU.ActiveCfg = Release|Any CPU
		{73A975AE-7A26-49A8-8B51-1631D8E81767}.Release|Any CPU.Build.0 = Release|Any CPU
		{768BDB59-E553-4B61-8B6E-E744ED2F9B4D}.Debug|Any CPU.ActiveCfg = Debug|Any CPU
		{768BDB59-E553-4B61-8B6E-E744ED2F9B4D}.Debug|Any CPU.Build.0 = Debug|Any CPU
		{768BDB59-E553-4B61-8B6E-E744ED2F9B4D}.Release|Any CPU.ActiveCfg = Release|Any CPU
		{768BDB59-E553-4B61-8B6E-E744ED2F9B4D}.Release|Any CPU.Build.0 = Release|Any CPU
		{F70115E9-09E2-49E6-A990-CB7868120E33}.Debug|Any CPU.ActiveCfg = Debug|Any CPU
		{F70115E9-09E2-49E6-A990-CB7868120E33}.Debug|Any CPU.Build.0 = Debug|Any CPU
		{F70115E9-09E2-49E6-A990-CB7868120E33}.Release|Any CPU.ActiveCfg = Release|Any CPU
		{F70115E9-09E2-49E6-A990-CB7868120E33}.Release|Any CPU.Build.0 = Release|Any CPU
		{0EB9646C-9F37-42A8-94F2-21A06D7849AD}.Debug|Any CPU.ActiveCfg = Debug|Any CPU
		{0EB9646C-9F37-42A8-94F2-21A06D7849AD}.Debug|Any CPU.Build.0 = Debug|Any CPU
		{0EB9646C-9F37-42A8-94F2-21A06D7849AD}.Release|Any CPU.ActiveCfg = Release|Any CPU
		{0EB9646C-9F37-42A8-94F2-21A06D7849AD}.Release|Any CPU.Build.0 = Release|Any CPU
		{690A7D6A-7512-469C-81DA-5C91CDB38FFE}.Debug|Any CPU.ActiveCfg = Debug|Any CPU
		{690A7D6A-7512-469C-81DA-5C91CDB38FFE}.Debug|Any CPU.Build.0 = Debug|Any CPU
		{690A7D6A-7512-469C-81DA-5C91CDB38FFE}.Release|Any CPU.ActiveCfg = Release|Any CPU
		{690A7D6A-7512-469C-81DA-5C91CDB38FFE}.Release|Any CPU.Build.0 = Release|Any CPU
		{A64187B8-90BE-42F4-B555-B8BEFE2FB3BD}.Debug|Any CPU.ActiveCfg = Debug|Any CPU
		{A64187B8-90BE-42F4-B555-B8BEFE2FB3BD}.Debug|Any CPU.Build.0 = Debug|Any CPU
		{A64187B8-90BE-42F4-B555-B8BEFE2FB3BD}.Release|Any CPU.ActiveCfg = Release|Any CPU
		{A64187B8-90BE-42F4-B555-B8BEFE2FB3BD}.Release|Any CPU.Build.0 = Release|Any CPU
		{63B60212-C409-415C-AC0C-D2CBD649B7A1}.Debug|Any CPU.ActiveCfg = Debug|Any CPU
		{63B60212-C409-415C-AC0C-D2CBD649B7A1}.Debug|Any CPU.Build.0 = Debug|Any CPU
		{63B60212-C409-415C-AC0C-D2CBD649B7A1}.Release|Any CPU.ActiveCfg = Release|Any CPU
		{63B60212-C409-415C-AC0C-D2CBD649B7A1}.Release|Any CPU.Build.0 = Release|Any CPU
		{AAC67968-8B6D-4835-B939-078149A89077}.Debug|Any CPU.ActiveCfg = Debug|Any CPU
		{AAC67968-8B6D-4835-B939-078149A89077}.Debug|Any CPU.Build.0 = Debug|Any CPU
		{AAC67968-8B6D-4835-B939-078149A89077}.Release|Any CPU.ActiveCfg = Release|Any CPU
		{AAC67968-8B6D-4835-B939-078149A89077}.Release|Any CPU.Build.0 = Release|Any CPU
		{F49FA90C-5D19-4B52-9710-18F25B21086D}.Debug|Any CPU.ActiveCfg = Debug|Any CPU
		{F49FA90C-5D19-4B52-9710-18F25B21086D}.Debug|Any CPU.Build.0 = Debug|Any CPU
		{F49FA90C-5D19-4B52-9710-18F25B21086D}.Release|Any CPU.ActiveCfg = Release|Any CPU
		{F49FA90C-5D19-4B52-9710-18F25B21086D}.Release|Any CPU.Build.0 = Release|Any CPU
		{2A4168F9-B767-4018-B410-A8217821F6EE}.Debug|Any CPU.ActiveCfg = Debug|Any CPU
		{2A4168F9-B767-4018-B410-A8217821F6EE}.Debug|Any CPU.Build.0 = Debug|Any CPU
		{2A4168F9-B767-4018-B410-A8217821F6EE}.Release|Any CPU.ActiveCfg = Release|Any CPU
		{2A4168F9-B767-4018-B410-A8217821F6EE}.Release|Any CPU.Build.0 = Release|Any CPU
		{997A24AF-E614-4F20-809F-F9A50D983477}.Debug|Any CPU.ActiveCfg = Debug|Any CPU
		{997A24AF-E614-4F20-809F-F9A50D983477}.Debug|Any CPU.Build.0 = Debug|Any CPU
		{997A24AF-E614-4F20-809F-F9A50D983477}.Release|Any CPU.ActiveCfg = Release|Any CPU
		{997A24AF-E614-4F20-809F-F9A50D983477}.Release|Any CPU.Build.0 = Release|Any CPU
		{092B53EC-C697-4357-BDDE-87FFD63E0876}.Debug|Any CPU.ActiveCfg = Debug|Any CPU
		{092B53EC-C697-4357-BDDE-87FFD63E0876}.Debug|Any CPU.Build.0 = Debug|Any CPU
		{092B53EC-C697-4357-BDDE-87FFD63E0876}.Release|Any CPU.ActiveCfg = Release|Any CPU
		{092B53EC-C697-4357-BDDE-87FFD63E0876}.Release|Any CPU.Build.0 = Release|Any CPU
		{7D5E3C3F-24AB-41A5-B09E-3B0F2123D0C3}.Debug|Any CPU.ActiveCfg = Debug|Any CPU
		{7D5E3C3F-24AB-41A5-B09E-3B0F2123D0C3}.Debug|Any CPU.Build.0 = Debug|Any CPU
		{7D5E3C3F-24AB-41A5-B09E-3B0F2123D0C3}.Release|Any CPU.ActiveCfg = Release|Any CPU
		{7D5E3C3F-24AB-41A5-B09E-3B0F2123D0C3}.Release|Any CPU.Build.0 = Release|Any CPU
		{B371960D-D032-4B8A-97A4-01D3D705E039}.Debug|Any CPU.ActiveCfg = Debug|Any CPU
		{B371960D-D032-4B8A-97A4-01D3D705E039}.Debug|Any CPU.Build.0 = Debug|Any CPU
		{B371960D-D032-4B8A-97A4-01D3D705E039}.Release|Any CPU.ActiveCfg = Release|Any CPU
		{B371960D-D032-4B8A-97A4-01D3D705E039}.Release|Any CPU.Build.0 = Release|Any CPU
		{2DB902EC-715A-43CB-9871-4EEE7C1A4CA3}.Debug|Any CPU.ActiveCfg = Debug|Any CPU
		{2DB902EC-715A-43CB-9871-4EEE7C1A4CA3}.Debug|Any CPU.Build.0 = Debug|Any CPU
		{2DB902EC-715A-43CB-9871-4EEE7C1A4CA3}.Release|Any CPU.ActiveCfg = Release|Any CPU
		{2DB902EC-715A-43CB-9871-4EEE7C1A4CA3}.Release|Any CPU.Build.0 = Release|Any CPU
		{7D81F14A-5AC9-4A98-8D4E-A5342E92C0A0}.Debug|Any CPU.ActiveCfg = Debug|Any CPU
		{7D81F14A-5AC9-4A98-8D4E-A5342E92C0A0}.Debug|Any CPU.Build.0 = Debug|Any CPU
		{7D81F14A-5AC9-4A98-8D4E-A5342E92C0A0}.Release|Any CPU.ActiveCfg = Release|Any CPU
		{7D81F14A-5AC9-4A98-8D4E-A5342E92C0A0}.Release|Any CPU.Build.0 = Release|Any CPU
		{101E09A4-2516-4381-A3D6-422CA33F3ECF}.Debug|Any CPU.ActiveCfg = Debug|Any CPU
		{101E09A4-2516-4381-A3D6-422CA33F3ECF}.Debug|Any CPU.Build.0 = Debug|Any CPU
		{101E09A4-2516-4381-A3D6-422CA33F3ECF}.Release|Any CPU.ActiveCfg = Release|Any CPU
		{101E09A4-2516-4381-A3D6-422CA33F3ECF}.Release|Any CPU.Build.0 = Release|Any CPU
		{AD4C8F05-7922-4F4A-B2CC-7EB34DE387BC}.Debug|Any CPU.ActiveCfg = Debug|Any CPU
		{AD4C8F05-7922-4F4A-B2CC-7EB34DE387BC}.Debug|Any CPU.Build.0 = Debug|Any CPU
		{AD4C8F05-7922-4F4A-B2CC-7EB34DE387BC}.Release|Any CPU.ActiveCfg = Release|Any CPU
		{AD4C8F05-7922-4F4A-B2CC-7EB34DE387BC}.Release|Any CPU.Build.0 = Release|Any CPU
		{4D468DBC-6D48-4537-8696-8D9CBE51F897}.Debug|Any CPU.ActiveCfg = Debug|Any CPU
		{4D468DBC-6D48-4537-8696-8D9CBE51F897}.Debug|Any CPU.Build.0 = Debug|Any CPU
		{4D468DBC-6D48-4537-8696-8D9CBE51F897}.Release|Any CPU.ActiveCfg = Release|Any CPU
		{4D468DBC-6D48-4537-8696-8D9CBE51F897}.Release|Any CPU.Build.0 = Release|Any CPU
		{602389B7-0D53-4A90-AFC3-4D7F658D558F}.Debug|Any CPU.ActiveCfg = Debug|Any CPU
		{602389B7-0D53-4A90-AFC3-4D7F658D558F}.Debug|Any CPU.Build.0 = Debug|Any CPU
		{602389B7-0D53-4A90-AFC3-4D7F658D558F}.Release|Any CPU.ActiveCfg = Release|Any CPU
		{602389B7-0D53-4A90-AFC3-4D7F658D558F}.Release|Any CPU.Build.0 = Release|Any CPU
		{33070A56-C8CC-440E-89C5-A7935D4DB39A}.Debug|Any CPU.ActiveCfg = Debug|Any CPU
		{33070A56-C8CC-440E-89C5-A7935D4DB39A}.Debug|Any CPU.Build.0 = Debug|Any CPU
		{33070A56-C8CC-440E-89C5-A7935D4DB39A}.Release|Any CPU.ActiveCfg = Release|Any CPU
		{33070A56-C8CC-440E-89C5-A7935D4DB39A}.Release|Any CPU.Build.0 = Release|Any CPU
		{4BE50AE2-929A-40EB-9B64-4CF6449D0035}.Debug|Any CPU.ActiveCfg = Debug|Any CPU
		{4BE50AE2-929A-40EB-9B64-4CF6449D0035}.Debug|Any CPU.Build.0 = Debug|Any CPU
		{4BE50AE2-929A-40EB-9B64-4CF6449D0035}.Release|Any CPU.ActiveCfg = Release|Any CPU
		{4BE50AE2-929A-40EB-9B64-4CF6449D0035}.Release|Any CPU.Build.0 = Release|Any CPU
		{37C83950-E2AA-4279-A83C-270EBF14BE5C}.Debug|Any CPU.ActiveCfg = Debug|Any CPU
		{37C83950-E2AA-4279-A83C-270EBF14BE5C}.Debug|Any CPU.Build.0 = Debug|Any CPU
		{37C83950-E2AA-4279-A83C-270EBF14BE5C}.Release|Any CPU.ActiveCfg = Release|Any CPU
		{37C83950-E2AA-4279-A83C-270EBF14BE5C}.Release|Any CPU.Build.0 = Release|Any CPU
		{B09ECCD4-6E42-463C-A60D-BDD9354178B8}.Debug|Any CPU.ActiveCfg = Debug|Any CPU
		{B09ECCD4-6E42-463C-A60D-BDD9354178B8}.Debug|Any CPU.Build.0 = Debug|Any CPU
		{B09ECCD4-6E42-463C-A60D-BDD9354178B8}.Release|Any CPU.ActiveCfg = Release|Any CPU
		{B09ECCD4-6E42-463C-A60D-BDD9354178B8}.Release|Any CPU.Build.0 = Release|Any CPU
		{D0244E62-4EF9-45E6-8702-E31B11B3F29C}.Debug|Any CPU.ActiveCfg = Debug|Any CPU
		{D0244E62-4EF9-45E6-8702-E31B11B3F29C}.Debug|Any CPU.Build.0 = Debug|Any CPU
		{D0244E62-4EF9-45E6-8702-E31B11B3F29C}.Release|Any CPU.ActiveCfg = Release|Any CPU
		{D0244E62-4EF9-45E6-8702-E31B11B3F29C}.Release|Any CPU.Build.0 = Release|Any CPU
		{32FFE7D7-DD9D-416B-90CC-91A5C0B92EAA}.Debug|Any CPU.ActiveCfg = Debug|Any CPU
		{32FFE7D7-DD9D-416B-90CC-91A5C0B92EAA}.Debug|Any CPU.Build.0 = Debug|Any CPU
		{32FFE7D7-DD9D-416B-90CC-91A5C0B92EAA}.Release|Any CPU.ActiveCfg = Release|Any CPU
		{32FFE7D7-DD9D-416B-90CC-91A5C0B92EAA}.Release|Any CPU.Build.0 = Release|Any CPU
		{9162521F-51D8-4BB6-AFD8-F3F391BAFEF7}.Debug|Any CPU.ActiveCfg = Debug|Any CPU
		{9162521F-51D8-4BB6-AFD8-F3F391BAFEF7}.Debug|Any CPU.Build.0 = Debug|Any CPU
		{9162521F-51D8-4BB6-AFD8-F3F391BAFEF7}.Release|Any CPU.ActiveCfg = Release|Any CPU
		{9162521F-51D8-4BB6-AFD8-F3F391BAFEF7}.Release|Any CPU.Build.0 = Release|Any CPU
		{D55F3A46-905F-43DF-94D7-A5666A4041A1}.Debug|Any CPU.ActiveCfg = Debug|Any CPU
		{D55F3A46-905F-43DF-94D7-A5666A4041A1}.Debug|Any CPU.Build.0 = Debug|Any CPU
		{D55F3A46-905F-43DF-94D7-A5666A4041A1}.Release|Any CPU.ActiveCfg = Release|Any CPU
		{D55F3A46-905F-43DF-94D7-A5666A4041A1}.Release|Any CPU.Build.0 = Release|Any CPU
		{AD33D1C0-82E0-434E-BACD-9C845A39FAE8}.Debug|Any CPU.ActiveCfg = Debug|Any CPU
		{AD33D1C0-82E0-434E-BACD-9C845A39FAE8}.Debug|Any CPU.Build.0 = Debug|Any CPU
		{AD33D1C0-82E0-434E-BACD-9C845A39FAE8}.Release|Any CPU.ActiveCfg = Release|Any CPU
		{AD33D1C0-82E0-434E-BACD-9C845A39FAE8}.Release|Any CPU.Build.0 = Release|Any CPU
	EndGlobalSection
	GlobalSection(SolutionProperties) = preSolution
		HideSolutionNode = FALSE
	EndGlobalSection
	GlobalSection(ExtensibilityGlobals) = postSolution
		SolutionGuid = {37DF89EC-CD0C-4453-880E-9BD1F8F1A9D9}
	EndGlobalSection
EndGlobal
