
Microsoft Visual Studio Solution File, Format Version 12.00
# Visual Studio Version 17
VisualStudioVersion = 17.2.32630.192
MinimumVisualStudioVersion = 10.0.40219.1
Project("{9A19103F-16F7-4668-BE54-9A1E7A4F7556}") = "Mensagem", "ConsoleApp1\Mensagem.csproj", "{99034B80-8C9A-4BCF-A51E-8C283CDD4EFD}"
EndProject
Project("{9A19103F-16F7-4668-BE54-9A1E7A4F7556}") = "Variaveis", "Variaveis\Variaveis.csproj", "{8DE31292-3A40-49CB-8FBA-BBB0D9FCB064}"
EndProject
Project("{9A19103F-16F7-4668-BE54-9A1E7A4F7556}") = "If", "Operadores e Condicionais\If.csproj", "{EB523E6B-4201-4BDF-A9D9-FB8B59E66653}"
EndProject
Project("{9A19103F-16F7-4668-BE54-9A1E7A4F7556}") = "Switch", "Switch\Switch.csproj", "{27A9C489-9FE3-43E9-9669-60785B3CBAC1}"
EndProject
Project("{9A19103F-16F7-4668-BE54-9A1E7A4F7556}") = "Ternário", "Ternário\Ternário.csproj", "{220CEE01-D0DE-4360-ADD7-9B71750294C6}"
EndProject
Project("{9A19103F-16F7-4668-BE54-9A1E7A4F7556}") = "While", "While\While.csproj", "{27A4CA03-D603-42D3-8E1E-71DEB2957216}"
EndProject
Project("{9A19103F-16F7-4668-BE54-9A1E7A4F7556}") = "DoWhile", "DoWhile\DoWhile.csproj", "{9CE9F9D4-FFEE-4762-83E6-3EAC38324BBA}"
EndProject
Project("{9A19103F-16F7-4668-BE54-9A1E7A4F7556}") = "For", "For\For.csproj", "{1EFF7778-7A8E-47BF-8B02-BE45D74B796B}"
EndProject
Project("{9A19103F-16F7-4668-BE54-9A1E7A4F7556}") = "Foreach", "Foreach\Foreach.csproj", "{6465639B-16A7-4844-A4F6-E8333AECEA73}"
EndProject
Project("{9A19103F-16F7-4668-BE54-9A1E7A4F7556}") = "Array", "Array\Array.csproj", "{A64B7A16-D3EF-42E1-8E3F-C6DEE0265656}"
EndProject
Project("{9A19103F-16F7-4668-BE54-9A1E7A4F7556}") = "Funções", "Funções\Funções.csproj", "{3FE5E8AC-F2EE-403A-9E2C-A41CBE72BC73}"
EndProject
Project("{9A19103F-16F7-4668-BE54-9A1E7A4F7556}") = "Função Recursiva", "Função Recursiva\Função Recursiva.csproj", "{A15CB4C8-9065-454B-9CF3-C8051991B553}"
EndProject
Project("{9A19103F-16F7-4668-BE54-9A1E7A4F7556}") = "VariáveisEConstantes", "VariáveisEConstantes\VariáveisEConstantes.csproj", "{0ED97ECF-1345-446B-B888-645855962BAD}"
EndProject
Project("{9A19103F-16F7-4668-BE54-9A1E7A4F7556}") = "FuncaoOO", "FuncaoOO\FuncaoOO.csproj", "{D69FD7BD-C2DC-4E8B-9D13-D04F64E99527}"
EndProject
Project("{2150E333-8FDC-42A3-9474-1A3956D46DE8}") = "Solution Items", "Solution Items", "{7BB72135-84F9-4F28-8C4E-58989731A8B2}"
EndProject
Project("{FAE04EC0-301F-11D3-BF4B-00C04F79EFBC}") = "console-app", "console-app\console-app.csproj", "{4AF6A475-2F82-4123-943D-5BB5B1F343D7}"
EndProject
Project("{FAE04EC0-301F-11D3-BF4B-00C04F79EFBC}") = "MaiorIdade", "MaiorIdade\MaiorIdade.csproj", "{12BCC82F-3327-4D87-B548-23504230403C}"
EndProject
Project("{FAE04EC0-301F-11D3-BF4B-00C04F79EFBC}") = "AppBanco", "AppBanco\AppBanco.csproj", "{5C11D103-28A2-4BB9-BEAB-8F1627627BDC}"
EndProject
Project("{FAE04EC0-301F-11D3-BF4B-00C04F79EFBC}") = "Calculadora", "Calculadora\Calculadora.csproj", "{F5F9F4DE-5B0B-4337-9EC9-B5B5CBD42C4D}"
EndProject
Project("{FAE04EC0-301F-11D3-BF4B-00C04F79EFBC}") = "CalculoAreaCirculo", "CalculoAreaCirculo\CalculoAreaCirculo.csproj", "{D565BBA6-C312-4B01-9CE9-0C2BBBC9A865}"
EndProject
Project("{FAE04EC0-301F-11D3-BF4B-00C04F79EFBC}") = "ExeVariaveis", "ExeVariaveis\ExeVariaveis.csproj", "{99827391-81A7-4CE6-A025-FC9413FD5E82}"
EndProject
Project("{FAE04EC0-301F-11D3-BF4B-00C04F79EFBC}") = "CalculadoraBaskara", "CalculadoraBaskara\CalculadoraBaskara.csproj", "{3BAE8A9D-064D-4F6D-B115-15442A3E8A0C}"
EndProject
Project("{FAE04EC0-301F-11D3-BF4B-00C04F79EFBC}") = "LeituraDados", "LeituraDados\LeituraDados.csproj", "{E0EA4AE4-BCCF-4F04-B3C3-D02AB109EDE8}"
EndProject
Project("{FAE04EC0-301F-11D3-BF4B-00C04F79EFBC}") = "CadastroSimples", "CadastroSimples\CadastroSimples.csproj", "{8A9AEE5C-2453-4129-A93F-AD9631641514}"
EndProject
Project("{FAE04EC0-301F-11D3-BF4B-00C04F79EFBC}") = "Somador", "Somador\Somador.csproj", "{CD9022AF-A2EB-4ED2-A851-DFC2A314070A}"
EndProject
Project("{FAE04EC0-301F-11D3-BF4B-00C04F79EFBC}") = "Diferenciador", "Diferenciador\Diferenciador.csproj", "{714893F7-4DFE-45D8-9E10-8C9AF3C2E868}"
EndProject
Project("{FAE04EC0-301F-11D3-BF4B-00C04F79EFBC}") = "HolerithSimples", "HolerithSimples\HolerithSimples.csproj", "{73A975AE-7A26-49A8-8B51-1631D8E81767}"
EndProject
Global
	GlobalSection(SolutionConfigurationPlatforms) = preSolution
		Debug|Any CPU = Debug|Any CPU
		Release|Any CPU = Release|Any CPU
	EndGlobalSection
	GlobalSection(ProjectConfigurationPlatforms) = postSolution
		{99034B80-8C9A-4BCF-A51E-8C283CDD4EFD}.Debug|Any CPU.ActiveCfg = Debug|Any CPU
		{99034B80-8C9A-4BCF-A51E-8C283CDD4EFD}.Debug|Any CPU.Build.0 = Debug|Any CPU
		{99034B80-8C9A-4BCF-A51E-8C283CDD4EFD}.Release|Any CPU.ActiveCfg = Release|Any CPU
		{99034B80-8C9A-4BCF-A51E-8C283CDD4EFD}.Release|Any CPU.Build.0 = Release|Any CPU
		{8DE31292-3A40-49CB-8FBA-BBB0D9FCB064}.Debug|Any CPU.ActiveCfg = Debug|Any CPU
		{8DE31292-3A40-49CB-8FBA-BBB0D9FCB064}.Debug|Any CPU.Build.0 = Debug|Any CPU
		{8DE31292-3A40-49CB-8FBA-BBB0D9FCB064}.Release|Any CPU.ActiveCfg = Release|Any CPU
		{8DE31292-3A40-49CB-8FBA-BBB0D9FCB064}.Release|Any CPU.Build.0 = Release|Any CPU
		{EB523E6B-4201-4BDF-A9D9-FB8B59E66653}.Debug|Any CPU.ActiveCfg = Debug|Any CPU
		{EB523E6B-4201-4BDF-A9D9-FB8B59E66653}.Debug|Any CPU.Build.0 = Debug|Any CPU
		{EB523E6B-4201-4BDF-A9D9-FB8B59E66653}.Release|Any CPU.ActiveCfg = Release|Any CPU
		{EB523E6B-4201-4BDF-A9D9-FB8B59E66653}.Release|Any CPU.Build.0 = Release|Any CPU
		{27A9C489-9FE3-43E9-9669-60785B3CBAC1}.Debug|Any CPU.ActiveCfg = Debug|Any CPU
		{27A9C489-9FE3-43E9-9669-60785B3CBAC1}.Debug|Any CPU.Build.0 = Debug|Any CPU
		{27A9C489-9FE3-43E9-9669-60785B3CBAC1}.Release|Any CPU.ActiveCfg = Release|Any CPU
		{27A9C489-9FE3-43E9-9669-60785B3CBAC1}.Release|Any CPU.Build.0 = Release|Any CPU
		{220CEE01-D0DE-4360-ADD7-9B71750294C6}.Debug|Any CPU.ActiveCfg = Debug|Any CPU
		{220CEE01-D0DE-4360-ADD7-9B71750294C6}.Debug|Any CPU.Build.0 = Debug|Any CPU
		{220CEE01-D0DE-4360-ADD7-9B71750294C6}.Release|Any CPU.ActiveCfg = Release|Any CPU
		{220CEE01-D0DE-4360-ADD7-9B71750294C6}.Release|Any CPU.Build.0 = Release|Any CPU
		{27A4CA03-D603-42D3-8E1E-71DEB2957216}.Debug|Any CPU.ActiveCfg = Debug|Any CPU
		{27A4CA03-D603-42D3-8E1E-71DEB2957216}.Debug|Any CPU.Build.0 = Debug|Any CPU
		{27A4CA03-D603-42D3-8E1E-71DEB2957216}.Release|Any CPU.ActiveCfg = Release|Any CPU
		{27A4CA03-D603-42D3-8E1E-71DEB2957216}.Release|Any CPU.Build.0 = Release|Any CPU
		{9CE9F9D4-FFEE-4762-83E6-3EAC38324BBA}.Debug|Any CPU.ActiveCfg = Debug|Any CPU
		{9CE9F9D4-FFEE-4762-83E6-3EAC38324BBA}.Debug|Any CPU.Build.0 = Debug|Any CPU
		{9CE9F9D4-FFEE-4762-83E6-3EAC38324BBA}.Release|Any CPU.ActiveCfg = Release|Any CPU
		{9CE9F9D4-FFEE-4762-83E6-3EAC38324BBA}.Release|Any CPU.Build.0 = Release|Any CPU
		{1EFF7778-7A8E-47BF-8B02-BE45D74B796B}.Debug|Any CPU.ActiveCfg = Debug|Any CPU
		{1EFF7778-7A8E-47BF-8B02-BE45D74B796B}.Debug|Any CPU.Build.0 = Debug|Any CPU
		{1EFF7778-7A8E-47BF-8B02-BE45D74B796B}.Release|Any CPU.ActiveCfg = Release|Any CPU
		{1EFF7778-7A8E-47BF-8B02-BE45D74B796B}.Release|Any CPU.Build.0 = Release|Any CPU
		{6465639B-16A7-4844-A4F6-E8333AECEA73}.Debug|Any CPU.ActiveCfg = Debug|Any CPU
		{6465639B-16A7-4844-A4F6-E8333AECEA73}.Debug|Any CPU.Build.0 = Debug|Any CPU
		{6465639B-16A7-4844-A4F6-E8333AECEA73}.Release|Any CPU.ActiveCfg = Release|Any CPU
		{6465639B-16A7-4844-A4F6-E8333AECEA73}.Release|Any CPU.Build.0 = Release|Any CPU
		{A64B7A16-D3EF-42E1-8E3F-C6DEE0265656}.Debug|Any CPU.ActiveCfg = Debug|Any CPU
		{A64B7A16-D3EF-42E1-8E3F-C6DEE0265656}.Debug|Any CPU.Build.0 = Debug|Any CPU
		{A64B7A16-D3EF-42E1-8E3F-C6DEE0265656}.Release|Any CPU.ActiveCfg = Release|Any CPU
		{A64B7A16-D3EF-42E1-8E3F-C6DEE0265656}.Release|Any CPU.Build.0 = Release|Any CPU
		{3FE5E8AC-F2EE-403A-9E2C-A41CBE72BC73}.Debug|Any CPU.ActiveCfg = Debug|Any CPU
		{3FE5E8AC-F2EE-403A-9E2C-A41CBE72BC73}.Debug|Any CPU.Build.0 = Debug|Any CPU
		{3FE5E8AC-F2EE-403A-9E2C-A41CBE72BC73}.Release|Any CPU.ActiveCfg = Release|Any CPU
		{3FE5E8AC-F2EE-403A-9E2C-A41CBE72BC73}.Release|Any CPU.Build.0 = Release|Any CPU
		{A15CB4C8-9065-454B-9CF3-C8051991B553}.Debug|Any CPU.ActiveCfg = Debug|Any CPU
		{A15CB4C8-9065-454B-9CF3-C8051991B553}.Debug|Any CPU.Build.0 = Debug|Any CPU
		{A15CB4C8-9065-454B-9CF3-C8051991B553}.Release|Any CPU.ActiveCfg = Release|Any CPU
		{A15CB4C8-9065-454B-9CF3-C8051991B553}.Release|Any CPU.Build.0 = Release|Any CPU
		{0ED97ECF-1345-446B-B888-645855962BAD}.Debug|Any CPU.ActiveCfg = Debug|Any CPU
		{0ED97ECF-1345-446B-B888-645855962BAD}.Debug|Any CPU.Build.0 = Debug|Any CPU
		{0ED97ECF-1345-446B-B888-645855962BAD}.Release|Any CPU.ActiveCfg = Release|Any CPU
		{0ED97ECF-1345-446B-B888-645855962BAD}.Release|Any CPU.Build.0 = Release|Any CPU
		{D69FD7BD-C2DC-4E8B-9D13-D04F64E99527}.Debug|Any CPU.ActiveCfg = Debug|Any CPU
		{D69FD7BD-C2DC-4E8B-9D13-D04F64E99527}.Debug|Any CPU.Build.0 = Debug|Any CPU
		{D69FD7BD-C2DC-4E8B-9D13-D04F64E99527}.Release|Any CPU.ActiveCfg = Release|Any CPU
		{D69FD7BD-C2DC-4E8B-9D13-D04F64E99527}.Release|Any CPU.Build.0 = Release|Any CPU
		{4AF6A475-2F82-4123-943D-5BB5B1F343D7}.Debug|Any CPU.ActiveCfg = Debug|Any CPU
		{4AF6A475-2F82-4123-943D-5BB5B1F343D7}.Debug|Any CPU.Build.0 = Debug|Any CPU
		{4AF6A475-2F82-4123-943D-5BB5B1F343D7}.Release|Any CPU.ActiveCfg = Release|Any CPU
		{4AF6A475-2F82-4123-943D-5BB5B1F343D7}.Release|Any CPU.Build.0 = Release|Any CPU
		{12BCC82F-3327-4D87-B548-23504230403C}.Debug|Any CPU.ActiveCfg = Debug|Any CPU
		{12BCC82F-3327-4D87-B548-23504230403C}.Debug|Any CPU.Build.0 = Debug|Any CPU
		{12BCC82F-3327-4D87-B548-23504230403C}.Release|Any CPU.ActiveCfg = Release|Any CPU
		{12BCC82F-3327-4D87-B548-23504230403C}.Release|Any CPU.Build.0 = Release|Any CPU
		{5C11D103-28A2-4BB9-BEAB-8F1627627BDC}.Debug|Any CPU.ActiveCfg = Debug|Any CPU
		{5C11D103-28A2-4BB9-BEAB-8F1627627BDC}.Debug|Any CPU.Build.0 = Debug|Any CPU
		{5C11D103-28A2-4BB9-BEAB-8F1627627BDC}.Release|Any CPU.ActiveCfg = Release|Any CPU
		{5C11D103-28A2-4BB9-BEAB-8F1627627BDC}.Release|Any CPU.Build.0 = Release|Any CPU
		{F5F9F4DE-5B0B-4337-9EC9-B5B5CBD42C4D}.Debug|Any CPU.ActiveCfg = Debug|Any CPU
		{F5F9F4DE-5B0B-4337-9EC9-B5B5CBD42C4D}.Debug|Any CPU.Build.0 = Debug|Any CPU
		{F5F9F4DE-5B0B-4337-9EC9-B5B5CBD42C4D}.Release|Any CPU.ActiveCfg = Release|Any CPU
		{F5F9F4DE-5B0B-4337-9EC9-B5B5CBD42C4D}.Release|Any CPU.Build.0 = Release|Any CPU
		{D565BBA6-C312-4B01-9CE9-0C2BBBC9A865}.Debug|Any CPU.ActiveCfg = Debug|Any CPU
		{D565BBA6-C312-4B01-9CE9-0C2BBBC9A865}.Debug|Any CPU.Build.0 = Debug|Any CPU
		{D565BBA6-C312-4B01-9CE9-0C2BBBC9A865}.Release|Any CPU.ActiveCfg = Release|Any CPU
		{D565BBA6-C312-4B01-9CE9-0C2BBBC9A865}.Release|Any CPU.Build.0 = Release|Any CPU
		{99827391-81A7-4CE6-A025-FC9413FD5E82}.Debug|Any CPU.ActiveCfg = Debug|Any CPU
		{99827391-81A7-4CE6-A025-FC9413FD5E82}.Debug|Any CPU.Build.0 = Debug|Any CPU
		{99827391-81A7-4CE6-A025-FC9413FD5E82}.Release|Any CPU.ActiveCfg = Release|Any CPU
		{99827391-81A7-4CE6-A025-FC9413FD5E82}.Release|Any CPU.Build.0 = Release|Any CPU
		{3BAE8A9D-064D-4F6D-B115-15442A3E8A0C}.Debug|Any CPU.ActiveCfg = Debug|Any CPU
		{3BAE8A9D-064D-4F6D-B115-15442A3E8A0C}.Debug|Any CPU.Build.0 = Debug|Any CPU
		{3BAE8A9D-064D-4F6D-B115-15442A3E8A0C}.Release|Any CPU.ActiveCfg = Release|Any CPU
		{3BAE8A9D-064D-4F6D-B115-15442A3E8A0C}.Release|Any CPU.Build.0 = Release|Any CPU
		{E0EA4AE4-BCCF-4F04-B3C3-D02AB109EDE8}.Debug|Any CPU.ActiveCfg = Debug|Any CPU
		{E0EA4AE4-BCCF-4F04-B3C3-D02AB109EDE8}.Debug|Any CPU.Build.0 = Debug|Any CPU
		{E0EA4AE4-BCCF-4F04-B3C3-D02AB109EDE8}.Release|Any CPU.ActiveCfg = Release|Any CPU
		{E0EA4AE4-BCCF-4F04-B3C3-D02AB109EDE8}.Release|Any CPU.Build.0 = Release|Any CPU
		{8A9AEE5C-2453-4129-A93F-AD9631641514}.Debug|Any CPU.ActiveCfg = Debug|Any CPU
		{8A9AEE5C-2453-4129-A93F-AD9631641514}.Debug|Any CPU.Build.0 = Debug|Any CPU
		{8A9AEE5C-2453-4129-A93F-AD9631641514}.Release|Any CPU.ActiveCfg = Release|Any CPU
		{8A9AEE5C-2453-4129-A93F-AD9631641514}.Release|Any CPU.Build.0 = Release|Any CPU
		{CD9022AF-A2EB-4ED2-A851-DFC2A314070A}.Debug|Any CPU.ActiveCfg = Debug|Any CPU
		{CD9022AF-A2EB-4ED2-A851-DFC2A314070A}.Debug|Any CPU.Build.0 = Debug|Any CPU
		{CD9022AF-A2EB-4ED2-A851-DFC2A314070A}.Release|Any CPU.ActiveCfg = Release|Any CPU
		{CD9022AF-A2EB-4ED2-A851-DFC2A314070A}.Release|Any CPU.Build.0 = Release|Any CPU
		{714893F7-4DFE-45D8-9E10-8C9AF3C2E868}.Debug|Any CPU.ActiveCfg = Debug|Any CPU
		{714893F7-4DFE-45D8-9E10-8C9AF3C2E868}.Debug|Any CPU.Build.0 = Debug|Any CPU
		{714893F7-4DFE-45D8-9E10-8C9AF3C2E868}.Release|Any CPU.ActiveCfg = Release|Any CPU
		{714893F7-4DFE-45D8-9E10-8C9AF3C2E868}.Release|Any CPU.Build.0 = Release|Any CPU
		{73A975AE-7A26-49A8-8B51-1631D8E81767}.Debug|Any CPU.ActiveCfg = Debug|Any CPU
		{73A975AE-7A26-49A8-8B51-1631D8E81767}.Debug|Any CPU.Build.0 = Debug|Any CPU
		{73A975AE-7A26-49A8-8B51-1631D8E81767}.Release|Any CPU.ActiveCfg = Release|Any CPU
		{73A975AE-7A26-49A8-8B51-1631D8E81767}.Release|Any CPU.Build.0 = Release|Any CPU
	EndGlobalSection
	GlobalSection(SolutionProperties) = preSolution
		HideSolutionNode = FALSE
	EndGlobalSection
	GlobalSection(ExtensibilityGlobals) = postSolution
		SolutionGuid = {37DF89EC-CD0C-4453-880E-9BD1F8F1A9D9}
	EndGlobalSection
EndGlobal
