
Microsoft Visual Studio Solution File, Format Version 12.00
# Visual Studio Version 16
VisualStudioVersion = 16.0.32630.194
MinimumVisualStudioVersion = 10.0.40219.1
Project("{9A19103F-16F7-4668-BE54-9A1E7A4F7556}") = "Mensagem", "ConsoleApp1\Mensagem.csproj", "{99034B80-8C9A-4BCF-A51E-8C283CDD4EFD}"
EndProject
Project("{9A19103F-16F7-4668-BE54-9A1E7A4F7556}") = "Variaveis", "Variaveis\Variaveis.csproj", "{8DE31292-3A40-49CB-8FBA-BBB0D9FCB064}"
EndProject
Project("{9A19103F-16F7-4668-BE54-9A1E7A4F7556}") = "If", "Operadores e Condicionais\If.csproj", "{EB523E6B-4201-4BDF-A9D9-FB8B59E66653}"
EndProject
Project("{9A19103F-16F7-4668-BE54-9A1E7A4F7556}") = "Switch", "Switch\Switch.csproj", "{27A9C489-9FE3-43E9-9669-60785B3CBAC1}"
EndProject
Project("{9A19103F-16F7-4668-BE54-9A1E7A4F7556}") = "Ternário", "Ternário\Ternário.csproj", "{220CEE01-D0DE-4360-ADD7-9B71750294C6}"
EndProject
Project("{FAE04EC0-301F-11D3-BF4B-00C04F79EFBC}") = "While", "While\While.csproj", "{27A4CA03-D603-42D3-8E1E-71DEB2957216}"
EndProject
Global
	GlobalSection(SolutionConfigurationPlatforms) = preSolution
		Debug|Any CPU = Debug|Any CPU
		Release|Any CPU = Release|Any CPU
	EndGlobalSection
	GlobalSection(ProjectConfigurationPlatforms) = postSolution
		{99034B80-8C9A-4BCF-A51E-8C283CDD4EFD}.Debug|Any CPU.ActiveCfg = Debug|Any CPU
		{99034B80-8C9A-4BCF-A51E-8C283CDD4EFD}.Debug|Any CPU.Build.0 = Debug|Any CPU
		{99034B80-8C9A-4BCF-A51E-8C283CDD4EFD}.Release|Any CPU.ActiveCfg = Release|Any CPU
		{99034B80-8C9A-4BCF-A51E-8C283CDD4EFD}.Release|Any CPU.Build.0 = Release|Any CPU
		{8DE31292-3A40-49CB-8FBA-BBB0D9FCB064}.Debug|Any CPU.ActiveCfg = Debug|Any CPU
		{8DE31292-3A40-49CB-8FBA-BBB0D9FCB064}.Debug|Any CPU.Build.0 = Debug|Any CPU
		{8DE31292-3A40-49CB-8FBA-BBB0D9FCB064}.Release|Any CPU.ActiveCfg = Release|Any CPU
		{8DE31292-3A40-49CB-8FBA-BBB0D9FCB064}.Release|Any CPU.Build.0 = Release|Any CPU
		{EB523E6B-4201-4BDF-A9D9-FB8B59E66653}.Debug|Any CPU.ActiveCfg = Debug|Any CPU
		{EB523E6B-4201-4BDF-A9D9-FB8B59E66653}.Debug|Any CPU.Build.0 = Debug|Any CPU
		{EB523E6B-4201-4BDF-A9D9-FB8B59E66653}.Release|Any CPU.ActiveCfg = Release|Any CPU
		{EB523E6B-4201-4BDF-A9D9-FB8B59E66653}.Release|Any CPU.Build.0 = Release|Any CPU
		{27A9C489-9FE3-43E9-9669-60785B3CBAC1}.Debug|Any CPU.ActiveCfg = Debug|Any CPU
		{27A9C489-9FE3-43E9-9669-60785B3CBAC1}.Debug|Any CPU.Build.0 = Debug|Any CPU
		{27A9C489-9FE3-43E9-9669-60785B3CBAC1}.Release|Any CPU.ActiveCfg = Release|Any CPU
		{27A9C489-9FE3-43E9-9669-60785B3CBAC1}.Release|Any CPU.Build.0 = Release|Any CPU
		{220CEE01-D0DE-4360-ADD7-9B71750294C6}.Debug|Any CPU.ActiveCfg = Debug|Any CPU
		{220CEE01-D0DE-4360-ADD7-9B71750294C6}.Debug|Any CPU.Build.0 = Debug|Any CPU
		{220CEE01-D0DE-4360-ADD7-9B71750294C6}.Release|Any CPU.ActiveCfg = Release|Any CPU
		{220CEE01-D0DE-4360-ADD7-9B71750294C6}.Release|Any CPU.Build.0 = Release|Any CPU
		{27A4CA03-D603-42D3-8E1E-71DEB2957216}.Debug|Any CPU.ActiveCfg = Debug|Any CPU
		{27A4CA03-D603-42D3-8E1E-71DEB2957216}.Debug|Any CPU.Build.0 = Debug|Any CPU
		{27A4CA03-D603-42D3-8E1E-71DEB2957216}.Release|Any CPU.ActiveCfg = Release|Any CPU
		{27A4CA03-D603-42D3-8E1E-71DEB2957216}.Release|Any CPU.Build.0 = Release|Any CPU
	EndGlobalSection
	GlobalSection(SolutionProperties) = preSolution
		HideSolutionNode = FALSE
	EndGlobalSection
	GlobalSection(ExtensibilityGlobals) = postSolution
		SolutionGuid = {37DF89EC-CD0C-4453-880E-9BD1F8F1A9D9}
	EndGlobalSection
EndGlobal
